<Solution>
  <Project Path="SmartTaskManagement.Application/SmartTaskManagement.Application.csproj" />
  <Project Path="SmartTaskManagement.Domain/SmartTaskManagement.Domain.csproj" />
  <Project Path="SmartTaskManagement.Infrastructure/SmartTaskManagement.Infrastructure.csproj" />
  <Project Path="Smart_Task_Management/Smart_Task_Management.csproj" />
</Solution>
